
Microsoft Visual Studio Solution File, Format Version 12.00
# Visual Studio Version 17
VisualStudioVersion = 17.5.002.0
MinimumVisualStudioVersion = 10.0.40219.1
Project("{9A19103F-16F7-4668-BE54-9A1E7A4F7556}") = "gesdetteC#", "gesdetteC#.csproj", "{F5D53187-449E-4C86-ACE8-6541DF769A2B}"
EndProject
Global
	GlobalSection(SolutionConfigurationPlatforms) = preSolution
		Debug|Any CPU = Debug|Any CPU
		Release|Any CPU = Release|Any CPU
	EndGlobalSection
	GlobalSection(ProjectConfigurationPlatforms) = postSolution
		{F5D53187-449E-4C86-ACE8-6541DF769A2B}.Debug|Any CPU.ActiveCfg = Debug|Any CPU
		{F5D53187-449E-4C86-ACE8-6541DF769A2B}.Debug|Any CPU.Build.0 = Debug|Any CPU
		{F5D53187-449E-4C86-ACE8-6541DF769A2B}.Release|Any CPU.ActiveCfg = Release|Any CPU
		{F5D53187-449E-4C86-ACE8-6541DF769A2B}.Release|Any CPU.Build.0 = Release|Any CPU
	EndGlobalSection
	GlobalSection(SolutionProperties) = preSolution
		HideSolutionNode = FALSE
	EndGlobalSection
	GlobalSection(ExtensibilityGlobals) = postSolution
		SolutionGuid = {12F1CDD2-60B8-49EF-8CCE-4F14CE8F3399}
	EndGlobalSection
EndGlobal
